// !$*UTF8*$!
{
	archiveVersion = 1;
	classes = {
	};
	objectVersion = 46;
	objects = {

/* Begin PBXBuildFile section */
		383CA9641E1DD4F500F8B998 /* AppDelegate.swift in Sources */ = {isa = PBXBuildFile; fileRef = 383CA9631E1DD4F500F8B998 /* AppDelegate.swift */; };
		383CA96B1E1DD4F500F8B998 /* Assets.xcassets in Resources */ = {isa = PBXBuildFile; fileRef = 383CA96A1E1DD4F500F8B998 /* Assets.xcassets */; };
		383CA97B1E1DD5E600F8B998 /* GameViewController.swift in Sources */ = {isa = PBXBuildFile; fileRef = 383CA9771E1DD5E600F8B998 /* GameViewController.swift */; };
		383CA97C1E1DD5E600F8B998 /* Gun.sks in Resources */ = {isa = PBXBuildFile; fileRef = 383CA9781E1DD5E600F8B998 /* Gun.sks */; };
		383CA97E1E1DD5F100F8B998 /* Utils.swift in Sources */ = {isa = PBXBuildFile; fileRef = 383CA97D1E1DD5F100F8B998 /* Utils.swift */; };
		383CA9831E1DD61100F8B998 /* LaunchScreen.storyboard in Resources */ = {isa = PBXBuildFile; fileRef = 383CA97F1E1DD61100F8B998 /* LaunchScreen.storyboard */; };
		383CA9841E1DD61100F8B998 /* Main.storyboard in Resources */ = {isa = PBXBuildFile; fileRef = 383CA9811E1DD61100F8B998 /* Main.storyboard */; };
		384ACEF31E347FE2004C3E93 /* KeyNode.swift in Sources */ = {isa = PBXBuildFile; fileRef = 384ACEF21E347FE2004C3E93 /* KeyNode.swift */; };
		385161361E348E6C0041995A /* ControllerNode.swift in Sources */ = {isa = PBXBuildFile; fileRef = 385161351E348E6C0041995A /* ControllerNode.swift */; };
		38650F541E25F6A500401ABD /* FireButtonNode.swift in Sources */ = {isa = PBXBuildFile; fileRef = 38650F531E25F6A500401ABD /* FireButtonNode.swift */; };
		387105EA1E35835C002D010A /* Level1+Physics.swift in Sources */ = {isa = PBXBuildFile; fileRef = 387105E91E35835C002D010A /* Level1+Physics.swift */; };
		387105EC1E35844E002D010A /* LockNode.swift in Sources */ = {isa = PBXBuildFile; fileRef = 387105EB1E35844E002D010A /* LockNode.swift */; };
		387105F11E3595D9002D010A /* Lock.wav in Resources */ = {isa = PBXBuildFile; fileRef = 387105F01E3595D9002D010A /* Lock.wav */; };
		387105F31E359640002D010A /* AudioUtils.swift in Sources */ = {isa = PBXBuildFile; fileRef = 387105F21E359640002D010A /* AudioUtils.swift */; };
		38801AFE1E2DD18400598982 /* Level1.sks in Resources */ = {isa = PBXBuildFile; fileRef = 38801AFC1E2DD18400598982 /* Level1.sks */; };
		38801AFF1E2DD18400598982 /* Level1.swift in Sources */ = {isa = PBXBuildFile; fileRef = 38801AFD1E2DD18400598982 /* Level1.swift */; };
		38929DAA1E28508F00C12C4C /* ComponentNode.swift in Sources */ = {isa = PBXBuildFile; fileRef = 38929DA91E28508F00C12C4C /* ComponentNode.swift */; };
		38929DAC1E2850B900C12C4C /* TimeComponentNode.swift in Sources */ = {isa = PBXBuildFile; fileRef = 38929DAB1E2850B900C12C4C /* TimeComponentNode.swift */; };
		38DD15371E28A02C0064FD73 /* LightComponentNode.swift in Sources */ = {isa = PBXBuildFile; fileRef = 38DD15341E28A02C0064FD73 /* LightComponentNode.swift */; };
		38DD15381E28A02C0064FD73 /* StickyComponentNode.swift in Sources */ = {isa = PBXBuildFile; fileRef = 38DD15351E28A02C0064FD73 /* StickyComponentNode.swift */; };
		38DD15391E28A02C0064FD73 /* WaveComponentNode.swift in Sources */ = {isa = PBXBuildFile; fileRef = 38DD15361E28A02C0064FD73 /* WaveComponentNode.swift */; };
/* End PBXBuildFile section */

/* Begin PBXFileReference section */
		383CA9601E1DD4F500F8B998 /* Unlokit.app */ = {isa = PBXFileReference; explicitFileType = wrapper.application; includeInIndex = 0; path = Unlokit.app; sourceTree = BUILT_PRODUCTS_DIR; };
		383CA9631E1DD4F500F8B998 /* AppDelegate.swift */ = {isa = PBXFileReference; lastKnownFileType = sourcecode.swift; path = AppDelegate.swift; sourceTree = "<group>"; };
		383CA96A1E1DD4F500F8B998 /* Assets.xcassets */ = {isa = PBXFileReference; lastKnownFileType = folder.assetcatalog; path = Assets.xcassets; sourceTree = "<group>"; };
		383CA96F1E1DD4F500F8B998 /* Info.plist */ = {isa = PBXFileReference; lastKnownFileType = text.plist.xml; path = Info.plist; sourceTree = "<group>"; };
		383CA9771E1DD5E600F8B998 /* GameViewController.swift */ = {isa = PBXFileReference; fileEncoding = 4; lastKnownFileType = sourcecode.swift; path = GameViewController.swift; sourceTree = "<group>"; };
		383CA9781E1DD5E600F8B998 /* Gun.sks */ = {isa = PBXFileReference; lastKnownFileType = file.sks; path = Gun.sks; sourceTree = "<group>"; };
		383CA97D1E1DD5F100F8B998 /* Utils.swift */ = {isa = PBXFileReference; fileEncoding = 4; lastKnownFileType = sourcecode.swift; path = Utils.swift; sourceTree = "<group>"; };
		383CA9801E1DD61100F8B998 /* Base */ = {isa = PBXFileReference; lastKnownFileType = file.storyboard; name = Base; path = Base.lproj/LaunchScreen.storyboard; sourceTree = "<group>"; };
		383CA9821E1DD61100F8B998 /* Base */ = {isa = PBXFileReference; lastKnownFileType = file.storyboard; name = Base; path = Base.lproj/Main.storyboard; sourceTree = "<group>"; };
		384ACEF21E347FE2004C3E93 /* KeyNode.swift */ = {isa = PBXFileReference; fileEncoding = 4; lastKnownFileType = sourcecode.swift; path = KeyNode.swift; sourceTree = "<group>"; };
		385161351E348E6C0041995A /* ControllerNode.swift */ = {isa = PBXFileReference; fileEncoding = 4; lastKnownFileType = sourcecode.swift; path = ControllerNode.swift; sourceTree = "<group>"; };
		38650F531E25F6A500401ABD /* FireButtonNode.swift */ = {isa = PBXFileReference; fileEncoding = 4; lastKnownFileType = sourcecode.swift; path = FireButtonNode.swift; sourceTree = "<group>"; };
		387105E91E35835C002D010A /* Level1+Physics.swift */ = {isa = PBXFileReference; fileEncoding = 4; lastKnownFileType = sourcecode.swift; path = "Level1+Physics.swift"; sourceTree = "<group>"; };
		387105EB1E35844E002D010A /* LockNode.swift */ = {isa = PBXFileReference; fileEncoding = 4; lastKnownFileType = sourcecode.swift; path = LockNode.swift; sourceTree = "<group>"; };
		387105F01E3595D9002D010A /* Lock.wav */ = {isa = PBXFileReference; lastKnownFileType = audio.wav; path = Lock.wav; sourceTree = "<group>"; };
		387105F21E359640002D010A /* AudioUtils.swift */ = {isa = PBXFileReference; fileEncoding = 4; lastKnownFileType = sourcecode.swift; path = AudioUtils.swift; sourceTree = "<group>"; };
		38801AFC1E2DD18400598982 /* Level1.sks */ = {isa = PBXFileReference; lastKnownFileType = file.sks; path = Level1.sks; sourceTree = "<group>"; };
		38801AFD1E2DD18400598982 /* Level1.swift */ = {isa = PBXFileReference; fileEncoding = 4; lastKnownFileType = sourcecode.swift; path = Level1.swift; sourceTree = "<group>"; };
		38929DA91E28508F00C12C4C /* ComponentNode.swift */ = {isa = PBXFileReference; fileEncoding = 4; lastKnownFileType = sourcecode.swift; path = ComponentNode.swift; sourceTree = "<group>"; };
		38929DAB1E2850B900C12C4C /* TimeComponentNode.swift */ = {isa = PBXFileReference; fileEncoding = 4; lastKnownFileType = sourcecode.swift; path = TimeComponentNode.swift; sourceTree = "<group>"; };
		38DD15341E28A02C0064FD73 /* LightComponentNode.swift */ = {isa = PBXFileReference; fileEncoding = 4; lastKnownFileType = sourcecode.swift; path = LightComponentNode.swift; sourceTree = "<group>"; };
		38DD15351E28A02C0064FD73 /* StickyComponentNode.swift */ = {isa = PBXFileReference; fileEncoding = 4; lastKnownFileType = sourcecode.swift; path = StickyComponentNode.swift; sourceTree = "<group>"; };
		38DD15361E28A02C0064FD73 /* WaveComponentNode.swift */ = {isa = PBXFileReference; fileEncoding = 4; lastKnownFileType = sourcecode.swift; path = WaveComponentNode.swift; sourceTree = "<group>"; };
/* End PBXFileReference section */

/* Begin PBXFrameworksBuildPhase section */
		383CA95D1E1DD4F500F8B998 /* Frameworks */ = {
			isa = PBXFrameworksBuildPhase;
			buildActionMask = 2147483647;
			files = (
			);
			runOnlyForDeploymentPostprocessing = 0;
		};
/* End PBXFrameworksBuildPhase section */

/* Begin PBXGroup section */
		383CA9571E1DD4F500F8B998 = {
			isa = PBXGroup;
			children = (
				383CA9621E1DD4F500F8B998 /* Unlokit */,
				383CA9611E1DD4F500F8B998 /* Products */,
			);
			sourceTree = "<group>";
		};
		383CA9611E1DD4F500F8B998 /* Products */ = {
			isa = PBXGroup;
			children = (
				383CA9601E1DD4F500F8B998 /* Unlokit.app */,
			);
			name = Products;
			sourceTree = "<group>";
		};
		383CA9621E1DD4F500F8B998 /* Unlokit */ = {
			isa = PBXGroup;
			children = (
				38929DA31E28443A00C12C4C /* Scenes */,
				383CA9631E1DD4F500F8B998 /* AppDelegate.swift */,
				383CA96A1E1DD4F500F8B998 /* Assets.xcassets */,
				383CA97F1E1DD61100F8B998 /* LaunchScreen.storyboard */,
				383CA9811E1DD61100F8B998 /* Main.storyboard */,
				38929DA81E28503300C12C4C /* Nodes */,
				383CA9771E1DD5E600F8B998 /* GameViewController.swift */,
				383CA97D1E1DD5F100F8B998 /* Utils.swift */,
				387105F21E359640002D010A /* AudioUtils.swift */,
				383CA96F1E1DD4F500F8B998 /* Info.plist */,
				387105ED1E358D75002D010A /* Sounds */,
			);
			path = Unlokit;
			sourceTree = "<group>";
		};
		387105ED1E358D75002D010A /* Sounds */ = {
			isa = PBXGroup;
			children = (
				387105F01E3595D9002D010A /* Lock.wav */,
			);
			path = Sounds;
			sourceTree = "<group>";
		};
		38929DA31E28443A00C12C4C /* Scenes */ = {
			isa = PBXGroup;
			children = (
				387105E91E35835C002D010A /* Level1+Physics.swift */,
				38801AFD1E2DD18400598982 /* Level1.swift */,
				38801AFC1E2DD18400598982 /* Level1.sks */,
				383CA9781E1DD5E600F8B998 /* Gun.sks */,
			);
			path = Scenes;
			sourceTree = "<group>";
		};
		38929DA81E28503300C12C4C /* Nodes */ = {
			isa = PBXGroup;
			children = (
				384ACEF21E347FE2004C3E93 /* KeyNode.swift */,
				385161351E348E6C0041995A /* ControllerNode.swift */,
				38650F531E25F6A500401ABD /* FireButtonNode.swift */,
				38929DA91E28508F00C12C4C /* ComponentNode.swift */,
				38929DAB1E2850B900C12C4C /* TimeComponentNode.swift */,
				38DD15341E28A02C0064FD73 /* LightComponentNode.swift */,
				38DD15351E28A02C0064FD73 /* StickyComponentNode.swift */,
				38DD15361E28A02C0064FD73 /* WaveComponentNode.swift */,
				387105EB1E35844E002D010A /* LockNode.swift */,
			);
			path = Nodes;
			sourceTree = "<group>";
		};
/* End PBXGroup section */

/* Begin PBXNativeTarget section */
		383CA95F1E1DD4F500F8B998 /* Unlokit */ = {
			isa = PBXNativeTarget;
			buildConfigurationList = 383CA9721E1DD4F500F8B998 /* Build configuration list for PBXNativeTarget "Unlokit" */;
			buildPhases = (
				383CA95C1E1DD4F500F8B998 /* Sources */,
				383CA95D1E1DD4F500F8B998 /* Frameworks */,
				383CA95E1E1DD4F500F8B998 /* Resources */,
			);
			buildRules = (
			);
			dependencies = (
			);
			name = Unlokit;
			productName = Unlokit;
			productReference = 383CA9601E1DD4F500F8B998 /* Unlokit.app */;
			productType = "com.apple.product-type.application";
		};
/* End PBXNativeTarget section */

/* Begin PBXProject section */
		383CA9581E1DD4F500F8B998 /* Project object */ = {
			isa = PBXProject;
			attributes = {
				LastSwiftUpdateCheck = 0820;
				LastUpgradeCheck = 0820;
				ORGANIZATIONNAME = blendersleuthdev;
				TargetAttributes = {
					383CA95F1E1DD4F500F8B998 = {
						CreatedOnToolsVersion = 8.2.1;
						DevelopmentTeam = 23CKX9X8J9;
						ProvisioningStyle = Automatic;
					};
				};
			};
			buildConfigurationList = 383CA95B1E1DD4F500F8B998 /* Build configuration list for PBXProject "Unlokit" */;
			compatibilityVersion = "Xcode 3.2";
			developmentRegion = English;
			hasScannedForEncodings = 0;
			knownRegions = (
				en,
				Base,
			);
			mainGroup = 383CA9571E1DD4F500F8B998;
			productRefGroup = 383CA9611E1DD4F500F8B998 /* Products */;
			projectDirPath = "";
			projectRoot = "";
			targets = (
				383CA95F1E1DD4F500F8B998 /* Unlokit */,
			);
		};
/* End PBXProject section */

/* Begin PBXResourcesBuildPhase section */
		383CA95E1E1DD4F500F8B998 /* Resources */ = {
			isa = PBXResourcesBuildPhase;
			buildActionMask = 2147483647;
			files = (
				383CA97C1E1DD5E600F8B998 /* Gun.sks in Resources */,
				383CA9841E1DD61100F8B998 /* Main.storyboard in Resources */,
				383CA9831E1DD61100F8B998 /* LaunchScreen.storyboard in Resources */,
				38801AFE1E2DD18400598982 /* Level1.sks in Resources */,
				387105F11E3595D9002D010A /* Lock.wav in Resources */,
				383CA96B1E1DD4F500F8B998 /* Assets.xcassets in Resources */,
			);
			runOnlyForDeploymentPostprocessing = 0;
		};
/* End PBXResourcesBuildPhase section */

/* Begin PBXSourcesBuildPhase section */
		383CA95C1E1DD4F500F8B998 /* Sources */ = {
			isa = PBXSourcesBuildPhase;
			buildActionMask = 2147483647;
			files = (
				38650F541E25F6A500401ABD /* FireButtonNode.swift in Sources */,
				383CA97B1E1DD5E600F8B998 /* GameViewController.swift in Sources */,
				38929DAA1E28508F00C12C4C /* ComponentNode.swift in Sources */,
				38DD15371E28A02C0064FD73 /* LightComponentNode.swift in Sources */,
				387105EC1E35844E002D010A /* LockNode.swift in Sources */,
				383CA9641E1DD4F500F8B998 /* AppDelegate.swift in Sources */,
				385161361E348E6C0041995A /* ControllerNode.swift in Sources */,
				38801AFF1E2DD18400598982 /* Level1.swift in Sources */,
				384ACEF31E347FE2004C3E93 /* KeyNode.swift in Sources */,
				387105EA1E35835C002D010A /* Level1+Physics.swift in Sources */,
				387105F31E359640002D010A /* AudioUtils.swift in Sources */,
				38DD15391E28A02C0064FD73 /* WaveComponentNode.swift in Sources */,
				38DD15381E28A02C0064FD73 /* StickyComponentNode.swift in Sources */,
				383CA97E1E1DD5F100F8B998 /* Utils.swift in Sources */,
				38929DAC1E2850B900C12C4C /* TimeComponentNode.swift in Sources */,
			);
			runOnlyForDeploymentPostprocessing = 0;
		};
/* End PBXSourcesBuildPhase section */

/* Begin PBXVariantGroup section */
		383CA97F1E1DD61100F8B998 /* LaunchScreen.storyboard */ = {
			isa = PBXVariantGroup;
			children = (
				383CA9801E1DD61100F8B998 /* Base */,
			);
			name = LaunchScreen.storyboard;
			sourceTree = "<group>";
		};
		383CA9811E1DD61100F8B998 /* Main.storyboard */ = {
			isa = PBXVariantGroup;
			children = (
				383CA9821E1DD61100F8B998 /* Base */,
			);
			name = Main.storyboard;
			sourceTree = "<group>";
		};
/* End PBXVariantGroup section */

/* Begin XCBuildConfiguration section */
		383CA9701E1DD4F500F8B998 /* Debug */ = {
			isa = XCBuildConfiguration;
			buildSettings = {
				ALWAYS_SEARCH_USER_PATHS = NO;
				CLANG_ANALYZER_NONNULL = YES;
				CLANG_CXX_LANGUAGE_STANDARD = "gnu++0x";
				CLANG_CXX_LIBRARY = "libc++";
				CLANG_ENABLE_MODULES = YES;
				CLANG_ENABLE_OBJC_ARC = YES;
				CLANG_WARN_BOOL_CONVERSION = YES;
				CLANG_WARN_CONSTANT_CONVERSION = YES;
				CLANG_WARN_DIRECT_OBJC_ISA_USAGE = YES_ERROR;
				CLANG_WARN_DOCUMENTATION_COMMENTS = YES;
				CLANG_WARN_EMPTY_BODY = YES;
				CLANG_WARN_ENUM_CONVERSION = YES;
				CLANG_WARN_INFINITE_RECURSION = YES;
				CLANG_WARN_INT_CONVERSION = YES;
				CLANG_WARN_OBJC_ROOT_CLASS = YES_ERROR;
				CLANG_WARN_SUSPICIOUS_MOVE = YES;
				CLANG_WARN_UNREACHABLE_CODE = YES;
				CLANG_WARN__DUPLICATE_METHOD_MATCH = YES;
				"CODE_SIGN_IDENTITY[sdk=iphoneos*]" = "iPhone Developer";
				COPY_PHASE_STRIP = NO;
				DEBUG_INFORMATION_FORMAT = dwarf;
				ENABLE_STRICT_OBJC_MSGSEND = YES;
				ENABLE_TESTABILITY = YES;
				GCC_C_LANGUAGE_STANDARD = gnu99;
				GCC_DYNAMIC_NO_PIC = NO;
				GCC_NO_COMMON_BLOCKS = YES;
				GCC_OPTIMIZATION_LEVEL = 0;
				GCC_PREPROCESSOR_DEFINITIONS = (
					"DEBUG=1",
					"$(inherited)",
				);
				GCC_WARN_64_TO_32_BIT_CONVERSION = YES;
				GCC_WARN_ABOUT_RETURN_TYPE = YES_ERROR;
				GCC_WARN_UNDECLARED_SELECTOR = YES;
				GCC_WARN_UNINITIALIZED_AUTOS = YES_AGGRESSIVE;
				GCC_WARN_UNUSED_FUNCTION = YES;
				GCC_WARN_UNUSED_VARIABLE = YES;
				IPHONEOS_DEPLOYMENT_TARGET = 9.0;
				MTL_ENABLE_DEBUG_INFO = YES;
				ONLY_ACTIVE_ARCH = YES;
				SDKROOT = iphoneos;
				SWIFT_ACTIVE_COMPILATION_CONDITIONS = DEBUG;
				SWIFT_OPTIMIZATION_LEVEL = "-Onone";
				TARGETED_DEVICE_FAMILY = "1,2";
			};
			name = Debug;
		};
		383CA9711E1DD4F500F8B998 /* Release */ = {
			isa = XCBuildConfiguration;
			buildSettings = {
				ALWAYS_SEARCH_USER_PATHS = NO;
				CLANG_ANALYZER_NONNULL = YES;
				CLANG_CXX_LANGUAGE_STANDARD = "gnu++0x";
				CLANG_CXX_LIBRARY = "libc++";
				CLANG_ENABLE_MODULES = YES;
				CLANG_ENABLE_OBJC_ARC = YES;
				CLANG_WARN_BOOL_CONVERSION = YES;
				CLANG_WARN_CONSTANT_CONVERSION = YES;
				CLANG_WARN_DIRECT_OBJC_ISA_USAGE = YES_ERROR;
				CLANG_WARN_DOCUMENTATION_COMMENTS = YES;
				CLANG_WARN_EMPTY_BODY = YES;
				CLANG_WARN_ENUM_CONVERSION = YES;
				CLANG_WARN_INFINITE_RECURSION = YES;
				CLANG_WARN_INT_CONVERSION = YES;
				CLANG_WARN_OBJC_ROOT_CLASS = YES_ERROR;
				CLANG_WARN_SUSPICIOUS_MOVE = YES;
				CLANG_WARN_UNREACHABLE_CODE = YES;
				CLANG_WARN__DUPLICATE_METHOD_MATCH = YES;
				"CODE_SIGN_IDENTITY[sdk=iphoneos*]" = "iPhone Developer";
				COPY_PHASE_STRIP = NO;
				DEBUG_INFORMATION_FORMAT = "dwarf-with-dsym";
				ENABLE_NS_ASSERTIONS = NO;
				ENABLE_STRICT_OBJC_MSGSEND = YES;
				GCC_C_LANGUAGE_STANDARD = gnu99;
				GCC_NO_COMMON_BLOCKS = YES;
				GCC_WARN_64_TO_32_BIT_CONVERSION = YES;
				GCC_WARN_ABOUT_RETURN_TYPE = YES_ERROR;
				GCC_WARN_UNDECLARED_SELECTOR = YES;
				GCC_WARN_UNINITIALIZED_AUTOS = YES_AGGRESSIVE;
				GCC_WARN_UNUSED_FUNCTION = YES;
				GCC_WARN_UNUSED_VARIABLE = YES;
				IPHONEOS_DEPLOYMENT_TARGET = 9.0;
				MTL_ENABLE_DEBUG_INFO = NO;
				SDKROOT = iphoneos;
				SWIFT_OPTIMIZATION_LEVEL = "-Owholemodule";
				TARGETED_DEVICE_FAMILY = "1,2";
				VALIDATE_PRODUCT = YES;
			};
			name = Release;
		};
		383CA9731E1DD4F500F8B998 /* Debug */ = {
			isa = XCBuildConfiguration;
			buildSettings = {
				ALWAYS_EMBED_SWIFT_STANDARD_LIBRARIES = NO;
				ASSETCATALOG_COMPILER_APPICON_NAME = AppIcon;
				DEVELOPMENT_TEAM = 23CKX9X8J9;
				INFOPLIST_FILE = Unlokit/Info.plist;
				IPHONEOS_DEPLOYMENT_TARGET = 9.0;
				LD_RUNPATH_SEARCH_PATHS = "$(inherited) @executable_path/Frameworks";
				PRODUCT_BUNDLE_IDENTIFIER = com.blendersleuth.Unlokit;
				PRODUCT_NAME = "$(TARGET_NAME)";
				SWIFT_VERSION = 3.0;
			};
			name = Debug;
		};
		383CA9741E1DD4F500F8B998 /* Release */ = {
			isa = XCBuildConfiguration;
			buildSettings = {
				ALWAYS_EMBED_SWIFT_STANDARD_LIBRARIES = NO;
				ASSETCATALOG_COMPILER_APPICON_NAME = AppIcon;
				DEVELOPMENT_TEAM = 23CKX9X8J9;
				INFOPLIST_FILE = Unlokit/Info.plist;
				IPHONEOS_DEPLOYMENT_TARGET = 9.0;
				LD_RUNPATH_SEARCH_PATHS = "$(inherited) @executable_path/Frameworks";
				PRODUCT_BUNDLE_IDENTIFIER = com.blendersleuth.Unlokit;
				PRODUCT_NAME = "$(TARGET_NAME)";
				SWIFT_VERSION = 3.0;
			};
			name = Release;
		};
/* End XCBuildConfiguration section */

/* Begin XCConfigurationList section */
		383CA95B1E1DD4F500F8B998 /* Build configuration list for PBXProject "Unlokit" */ = {
			isa = XCConfigurationList;
			buildConfigurations = (
				383CA9701E1DD4F500F8B998 /* Debug */,
				383CA9711E1DD4F500F8B998 /* Release */,
			);
			defaultConfigurationIsVisible = 0;
			defaultConfigurationName = Release;
		};
		383CA9721E1DD4F500F8B998 /* Build configuration list for PBXNativeTarget "Unlokit" */ = {
			isa = XCConfigurationList;
			buildConfigurations = (
				383CA9731E1DD4F500F8B998 /* Debug */,
				383CA9741E1DD4F500F8B998 /* Release */,
			);
			defaultConfigurationIsVisible = 0;
			defaultConfigurationName = Release;
		};
/* End XCConfigurationList section */
	};
	rootObject = 383CA9581E1DD4F500F8B998 /* Project object */;
}
