// !$*UTF8*$!
{
	archiveVersion = 1;
	classes = {
	};
	objectVersion = 46;
	objects = {

/* Begin PBXBuildFile section */
		38017A2E1E35DC160051EEE0 /* Smash.sks in Resources */ = {isa = PBXBuildFile; fileRef = 38017A2C1E35DC160051EEE0 /* Smash.sks */; };
		38017A2F1E35DC160051EEE0 /* Assets.xcassets in Resources */ = {isa = PBXBuildFile; fileRef = 38017A2D1E35DC160051EEE0 /* Assets.xcassets */; };
		38017A311E35DEE20051EEE0 /* BlockMtlNode.swift in Sources */ = {isa = PBXBuildFile; fileRef = 38017A301E35DEE20051EEE0 /* BlockMtlNode.swift */; };
		38017A331E35E01B0051EEE0 /* Smash.caf in Resources */ = {isa = PBXBuildFile; fileRef = 38017A321E35DFD00051EEE0 /* Smash.caf */; };
		3804F12D1E39FAEB007099AD /* BombExplode.sks in Resources */ = {isa = PBXBuildFile; fileRef = 3804F12C1E39FAEB007099AD /* BombExplode.sks */; };
		381D5C881E394C240084E56E /* Bounce.sks in Resources */ = {isa = PBXBuildFile; fileRef = 381D5C871E394C240084E56E /* Bounce.sks */; };
		381D5C8A1E394E3C0084E56E /* BlockNode.swift in Sources */ = {isa = PBXBuildFile; fileRef = 381D5C891E394E3C0084E56E /* BlockNode.swift */; };
		381D5C8C1E39513D0084E56E /* FanParticles.sks in Resources */ = {isa = PBXBuildFile; fileRef = 381D5C8B1E39513D0084E56E /* FanParticles.sks */; };
		383CA9641E1DD4F500F8B998 /* AppDelegate.swift in Sources */ = {isa = PBXBuildFile; fileRef = 383CA9631E1DD4F500F8B998 /* AppDelegate.swift */; };
		383CA96B1E1DD4F500F8B998 /* Assets.xcassets in Resources */ = {isa = PBXBuildFile; fileRef = 383CA96A1E1DD4F500F8B998 /* Assets.xcassets */; };
		383CA97B1E1DD5E600F8B998 /* GameViewController.swift in Sources */ = {isa = PBXBuildFile; fileRef = 383CA9771E1DD5E600F8B998 /* GameViewController.swift */; };
		383CA97C1E1DD5E600F8B998 /* GunRef.sks in Resources */ = {isa = PBXBuildFile; fileRef = 383CA9781E1DD5E600F8B998 /* GunRef.sks */; };
		383CA97E1E1DD5F100F8B998 /* Utils.swift in Sources */ = {isa = PBXBuildFile; fileRef = 383CA97D1E1DD5F100F8B998 /* Utils.swift */; };
		383CA9831E1DD61100F8B998 /* LaunchScreen.storyboard in Resources */ = {isa = PBXBuildFile; fileRef = 383CA97F1E1DD61100F8B998 /* LaunchScreen.storyboard */; };
		383CA9841E1DD61100F8B998 /* Main.storyboard in Resources */ = {isa = PBXBuildFile; fileRef = 383CA9811E1DD61100F8B998 /* Main.storyboard */; };
		38488EF81E35E4F000BCCFD6 /* BlockBncNode.swift in Sources */ = {isa = PBXBuildFile; fileRef = 38488EF71E35E4F000BCCFD6 /* BlockBncNode.swift */; };
		38488F1D1E3603F100BCCFD6 /* Level.swift in Sources */ = {isa = PBXBuildFile; fileRef = 38488F1B1E3603F100BCCFD6 /* Level.swift */; };
		38488F1E1E3603F100BCCFD6 /* Level+Physics.swift in Sources */ = {isa = PBXBuildFile; fileRef = 38488F1C1E3603F100BCCFD6 /* Level+Physics.swift */; };
		384ACEF31E347FE2004C3E93 /* KeyNode.swift in Sources */ = {isa = PBXBuildFile; fileRef = 384ACEF21E347FE2004C3E93 /* KeyNode.swift */; };
		385161361E348E6C0041995A /* ControllerNode.swift in Sources */ = {isa = PBXBuildFile; fileRef = 385161351E348E6C0041995A /* ControllerNode.swift */; };
		385499821E3AC816005DD671 /* Level6.sks in Resources */ = {isa = PBXBuildFile; fileRef = 385499811E3AC816005DD671 /* Level6.sks */; };
		385499841E3AC822005DD671 /* Level6.swift in Sources */ = {isa = PBXBuildFile; fileRef = 385499831E3AC822005DD671 /* Level6.swift */; };
		385499861E3ACAF9005DD671 /* Row4BlockMtl2Fan.sks in Resources */ = {isa = PBXBuildFile; fileRef = 385499851E3ACAF9005DD671 /* Row4BlockMtl2Fan.sks */; };
		38650F541E25F6A500401ABD /* FireButtonNode.swift in Sources */ = {isa = PBXBuildFile; fileRef = 38650F531E25F6A500401ABD /* FireButtonNode.swift */; };
		387105EC1E35844E002D010A /* LockNode.swift in Sources */ = {isa = PBXBuildFile; fileRef = 387105EB1E35844E002D010A /* LockNode.swift */; };
		387105F31E359640002D010A /* AudioUtils.swift in Sources */ = {isa = PBXBuildFile; fileRef = 387105F21E359640002D010A /* AudioUtils.swift */; };
		387105F51E359CA4002D010A /* ReplayButtonNode.swift in Sources */ = {isa = PBXBuildFile; fileRef = 387105F41E359CA4002D010A /* ReplayButtonNode.swift */; };
		388514001E36EF440092F058 /* SpringTool.sks in Resources */ = {isa = PBXBuildFile; fileRef = 388513FF1E36EF440092F058 /* SpringTool.sks */; };
		388514021E36EFA20092F058 /* ToolBox.sks in Resources */ = {isa = PBXBuildFile; fileRef = 388514011E36EFA20092F058 /* ToolBox.sks */; };
		38AE075A1E36221400D127D2 /* Lock.caf in Resources */ = {isa = PBXBuildFile; fileRef = 38AE07591E361DDC00D127D2 /* Lock.caf */; };
		38B649431E3890AF00479469 /* BlockGlueNode.swift in Sources */ = {isa = PBXBuildFile; fileRef = 38B649421E3890AF00479469 /* BlockGlueNode.swift */; };
		38B649451E3890F800479469 /* BlockGlu.sks in Resources */ = {isa = PBXBuildFile; fileRef = 38B649441E3890F800479469 /* BlockGlu.sks */; };
		38B649491E38AC3400479469 /* FanNode.swift in Sources */ = {isa = PBXBuildFile; fileRef = 38B649481E38AC3400479469 /* FanNode.swift */; };
		38B6494B1E38AC9B00479469 /* FanRef.sks in Resources */ = {isa = PBXBuildFile; fileRef = 38B6494A1E38AC9B00479469 /* FanRef.sks */; };
		38B737B41E3959FE004B6B95 /* FanTextures.sks in Resources */ = {isa = PBXBuildFile; fileRef = 38B737B31E3959FE004B6B95 /* FanTextures.sks */; };
		38C44B461E39B193004B76B6 /* GravityNode.swift in Sources */ = {isa = PBXBuildFile; fileRef = 38C44B451E39B193004B76B6 /* GravityNode.swift */; };
		38C44B481E39BA6D004B76B6 /* GravityRef.sks in Resources */ = {isa = PBXBuildFile; fileRef = 38C44B471E39BA6D004B76B6 /* GravityRef.sks */; };
		38C44B4A1E39CB9C004B76B6 /* BlockGlueGravity.sks in Resources */ = {isa = PBXBuildFile; fileRef = 38C44B491E39CB9C004B76B6 /* BlockGlueGravity.sks */; };
		38C50AF41E36A83600B4EE2A /* GlueToolNode.swift in Sources */ = {isa = PBXBuildFile; fileRef = 38C50AEF1E36A83600B4EE2A /* GlueToolNode.swift */; };
		38C50AF51E36A83600B4EE2A /* BombToolNode.swift in Sources */ = {isa = PBXBuildFile; fileRef = 38C50AF01E36A83600B4EE2A /* BombToolNode.swift */; };
		38C50AF61E36A83600B4EE2A /* ToolNode.swift in Sources */ = {isa = PBXBuildFile; fileRef = 38C50AF11E36A83600B4EE2A /* ToolNode.swift */; };
		38C50AF91E36AA0B00B4EE2A /* SpringToolNode.swift in Sources */ = {isa = PBXBuildFile; fileRef = 38C50AF81E36AA0B00B4EE2A /* SpringToolNode.swift */; };
		38C73B231E35B92F00B3AC6A /* ReloadButtonActions.sks in Resources */ = {isa = PBXBuildFile; fileRef = 38C73B221E35B92F00B3AC6A /* ReloadButtonActions.sks */; };
		38CE1BFB1E3841A200B646DB /* Explosion.caf in Resources */ = {isa = PBXBuildFile; fileRef = 38CE1BFA1E3841A200B646DB /* Explosion.caf */; };
		38CE1C091E38597400B646DB /* BlockBnc.sks in Resources */ = {isa = PBXBuildFile; fileRef = 38CE1C051E38597400B646DB /* BlockBnc.sks */; };
		38CE1C0A1E38597400B646DB /* BlockMtl.sks in Resources */ = {isa = PBXBuildFile; fileRef = 38CE1C061E38597400B646DB /* BlockMtl.sks */; };
		38CE1C0B1E38597400B646DB /* Row4BlockBnc.sks in Resources */ = {isa = PBXBuildFile; fileRef = 38CE1C071E38597400B646DB /* Row4BlockBnc.sks */; };
		38CE1C0C1E38597400B646DB /* Row4BlockMtl.sks in Resources */ = {isa = PBXBuildFile; fileRef = 38CE1C081E38597400B646DB /* Row4BlockMtl.sks */; };
		38CE1C101E38599B00B646DB /* Background-Purple.sks in Resources */ = {isa = PBXBuildFile; fileRef = 38CE1C0E1E38599B00B646DB /* Background-Purple.sks */; };
		38CE1C111E38599B00B646DB /* Canvas-Purple.sks in Resources */ = {isa = PBXBuildFile; fileRef = 38CE1C0F1E38599B00B646DB /* Canvas-Purple.sks */; };
		38CE1C181E386B5D00B646DB /* Level1.sks in Resources */ = {isa = PBXBuildFile; fileRef = 38CE1C141E386B5D00B646DB /* Level1.sks */; };
		38CE1C191E386B5D00B646DB /* Level2.sks in Resources */ = {isa = PBXBuildFile; fileRef = 38CE1C151E386B5D00B646DB /* Level2.sks */; };
		38CE1C1A1E386B5D00B646DB /* Level3.sks in Resources */ = {isa = PBXBuildFile; fileRef = 38CE1C161E386B5D00B646DB /* Level3.sks */; };
		38CE1C1B1E386B5D00B646DB /* Level3.swift in Sources */ = {isa = PBXBuildFile; fileRef = 38CE1C171E386B5D00B646DB /* Level3.swift */; };
		38D0C2C21E3AC15B00E643DD /* Level5.swift in Sources */ = {isa = PBXBuildFile; fileRef = 38D0C2C01E3AC15B00E643DD /* Level5.swift */; };
		38D0C2C41E3AC17500E643DD /* Level5.sks in Resources */ = {isa = PBXBuildFile; fileRef = 38D0C2C31E3AC17500E643DD /* Level5.sks */; };
		38D0E00C1E39D2DB00B9A341 /* Level4.sks in Resources */ = {isa = PBXBuildFile; fileRef = 38D0E00B1E39D2DB00B9A341 /* Level4.sks */; };
		38D0E00E1E39D45000B9A341 /* Level4.swift in Sources */ = {isa = PBXBuildFile; fileRef = 38D0E00D1E39D45000B9A341 /* Level4.swift */; };
		38E4B5B31E370A0A00C798C0 /* GlueToolIcon.swift in Sources */ = {isa = PBXBuildFile; fileRef = 38E4B5AF1E370A0A00C798C0 /* GlueToolIcon.swift */; };
		38E4B5B41E370A0A00C798C0 /* SpringToolIcon.swift in Sources */ = {isa = PBXBuildFile; fileRef = 38E4B5B01E370A0A00C798C0 /* SpringToolIcon.swift */; };
		38E4B5B51E370A0A00C798C0 /* BombToolIcon.swift in Sources */ = {isa = PBXBuildFile; fileRef = 38E4B5B11E370A0A00C798C0 /* BombToolIcon.swift */; };
		38E4B5B61E370A0A00C798C0 /* ToolIcon.swift in Sources */ = {isa = PBXBuildFile; fileRef = 38E4B5B21E370A0A00C798C0 /* ToolIcon.swift */; };
		38E4B5B91E370AF500C798C0 /* FanToolIcon.swift in Sources */ = {isa = PBXBuildFile; fileRef = 38E4B5B71E370AF500C798C0 /* FanToolIcon.swift */; };
		38E4B5BA1E370AF500C798C0 /* GravityToolIcon.swift in Sources */ = {isa = PBXBuildFile; fileRef = 38E4B5B81E370AF500C798C0 /* GravityToolIcon.swift */; };
		38E4B5BF1E37106700C798C0 /* FanTool.sks in Resources */ = {isa = PBXBuildFile; fileRef = 38E4B5BB1E37106700C798C0 /* FanTool.sks */; };
		38E4B5C01E37106700C798C0 /* GlueTool.sks in Resources */ = {isa = PBXBuildFile; fileRef = 38E4B5BC1E37106700C798C0 /* GlueTool.sks */; };
		38E4B5C11E37106700C798C0 /* GravityTool.sks in Resources */ = {isa = PBXBuildFile; fileRef = 38E4B5BD1E37106700C798C0 /* GravityTool.sks */; };
		38E4B5C21E37106700C798C0 /* BombTool.sks in Resources */ = {isa = PBXBuildFile; fileRef = 38E4B5BE1E37106700C798C0 /* BombTool.sks */; };
		38E4B5C51E37137C00C798C0 /* FanToolNode.swift in Sources */ = {isa = PBXBuildFile; fileRef = 38E4B5C31E37137C00C798C0 /* FanToolNode.swift */; };
		38E4B5C61E37137C00C798C0 /* GravityToolNode.swift in Sources */ = {isa = PBXBuildFile; fileRef = 38E4B5C41E37137C00C798C0 /* GravityToolNode.swift */; };
		38E50CEF1E39D926007437E7 /* BombFuse.sks in Resources */ = {isa = PBXBuildFile; fileRef = 38E50CEE1E39D926007437E7 /* BombFuse.sks */; };
		38E50CF11E39DB2F007437E7 /* BlockBrk.sks in Resources */ = {isa = PBXBuildFile; fileRef = 38E50CF01E39DB2F007437E7 /* BlockBrk.sks */; };
		38E50CF31E39E1B5007437E7 /* BlockBreakNode.swift in Sources */ = {isa = PBXBuildFile; fileRef = 38E50CF21E39E1B5007437E7 /* BlockBreakNode.swift */; };
		38E50CF51E39E2AE007437E7 /* Row4BlockBreak.sks in Resources */ = {isa = PBXBuildFile; fileRef = 38E50CF41E39E2AE007437E7 /* Row4BlockBreak.sks */; };
		38EEC9071E3ACF1D00931A7D /* BlockGlu1Fan.sks in Resources */ = {isa = PBXBuildFile; fileRef = 38EEC9061E3ACF1D00931A7D /* BlockGlu1Fan.sks */; };
		38F7B1E91E38243300A62956 /* ControllerRef.sks in Resources */ = {isa = PBXBuildFile; fileRef = 38F7B1E81E38243300A62956 /* ControllerRef.sks */; };
		38F7B1ED1E38342400A62956 /* KeyRef.sks in Resources */ = {isa = PBXBuildFile; fileRef = 38F7B1EC1E38342400A62956 /* KeyRef.sks */; };
		38F7B1EF1E38348600A62956 /* LockRef.sks in Resources */ = {isa = PBXBuildFile; fileRef = 38F7B1EE1E38348600A62956 /* LockRef.sks */; };
		38F7B1F11E3838ED00A62956 /* Inteface.sks in Resources */ = {isa = PBXBuildFile; fileRef = 38F7B1F01E3838ED00A62956 /* Inteface.sks */; };
/* End PBXBuildFile section */

/* Begin PBXFileReference section */
		38017A2C1E35DC160051EEE0 /* Smash.sks */ = {isa = PBXFileReference; lastKnownFileType = file.sks; path = Smash.sks; sourceTree = "<group>"; };
		38017A2D1E35DC160051EEE0 /* Assets.xcassets */ = {isa = PBXFileReference; lastKnownFileType = folder.assetcatalog; path = Assets.xcassets; sourceTree = "<group>"; };
		38017A301E35DEE20051EEE0 /* BlockMtlNode.swift */ = {isa = PBXFileReference; fileEncoding = 4; lastKnownFileType = sourcecode.swift; path = BlockMtlNode.swift; sourceTree = "<group>"; };
		38017A321E35DFD00051EEE0 /* Smash.caf */ = {isa = PBXFileReference; lastKnownFileType = file; path = Smash.caf; sourceTree = "<group>"; };
		3804F12C1E39FAEB007099AD /* BombExplode.sks */ = {isa = PBXFileReference; lastKnownFileType = file.sks; path = BombExplode.sks; sourceTree = "<group>"; };
		381D5C871E394C240084E56E /* Bounce.sks */ = {isa = PBXFileReference; lastKnownFileType = file.sks; path = Bounce.sks; sourceTree = "<group>"; };
		381D5C891E394E3C0084E56E /* BlockNode.swift */ = {isa = PBXFileReference; fileEncoding = 4; lastKnownFileType = sourcecode.swift; path = BlockNode.swift; sourceTree = "<group>"; };
		381D5C8B1E39513D0084E56E /* FanParticles.sks */ = {isa = PBXFileReference; lastKnownFileType = file.sks; path = FanParticles.sks; sourceTree = "<group>"; };
		383CA9601E1DD4F500F8B998 /* Unlokit.app */ = {isa = PBXFileReference; explicitFileType = wrapper.application; includeInIndex = 0; path = Unlokit.app; sourceTree = BUILT_PRODUCTS_DIR; };
		383CA9631E1DD4F500F8B998 /* AppDelegate.swift */ = {isa = PBXFileReference; lastKnownFileType = sourcecode.swift; path = AppDelegate.swift; sourceTree = "<group>"; };
		383CA96A1E1DD4F500F8B998 /* Assets.xcassets */ = {isa = PBXFileReference; lastKnownFileType = folder.assetcatalog; path = Assets.xcassets; sourceTree = "<group>"; };
		383CA96F1E1DD4F500F8B998 /* Info.plist */ = {isa = PBXFileReference; lastKnownFileType = text.plist.xml; path = Info.plist; sourceTree = "<group>"; };
		383CA9771E1DD5E600F8B998 /* GameViewController.swift */ = {isa = PBXFileReference; fileEncoding = 4; lastKnownFileType = sourcecode.swift; path = GameViewController.swift; sourceTree = "<group>"; };
		383CA9781E1DD5E600F8B998 /* GunRef.sks */ = {isa = PBXFileReference; lastKnownFileType = file.sks; path = GunRef.sks; sourceTree = "<group>"; };
		383CA97D1E1DD5F100F8B998 /* Utils.swift */ = {isa = PBXFileReference; fileEncoding = 4; lastKnownFileType = sourcecode.swift; path = Utils.swift; sourceTree = "<group>"; };
		383CA9801E1DD61100F8B998 /* Base */ = {isa = PBXFileReference; lastKnownFileType = file.storyboard; name = Base; path = Base.lproj/LaunchScreen.storyboard; sourceTree = "<group>"; };
		383CA9821E1DD61100F8B998 /* Base */ = {isa = PBXFileReference; lastKnownFileType = file.storyboard; name = Base; path = Base.lproj/Main.storyboard; sourceTree = "<group>"; };
		38488EF71E35E4F000BCCFD6 /* BlockBncNode.swift */ = {isa = PBXFileReference; fileEncoding = 4; lastKnownFileType = sourcecode.swift; path = BlockBncNode.swift; sourceTree = "<group>"; };
		38488F1B1E3603F100BCCFD6 /* Level.swift */ = {isa = PBXFileReference; fileEncoding = 4; lastKnownFileType = sourcecode.swift; path = Level.swift; sourceTree = "<group>"; };
		38488F1C1E3603F100BCCFD6 /* Level+Physics.swift */ = {isa = PBXFileReference; fileEncoding = 4; lastKnownFileType = sourcecode.swift; path = "Level+Physics.swift"; sourceTree = "<group>"; };
		384ACEF21E347FE2004C3E93 /* KeyNode.swift */ = {isa = PBXFileReference; fileEncoding = 4; lastKnownFileType = sourcecode.swift; path = KeyNode.swift; sourceTree = "<group>"; };
		385161351E348E6C0041995A /* ControllerNode.swift */ = {isa = PBXFileReference; fileEncoding = 4; lastKnownFileType = sourcecode.swift; path = ControllerNode.swift; sourceTree = "<group>"; };
		385499811E3AC816005DD671 /* Level6.sks */ = {isa = PBXFileReference; lastKnownFileType = file.sks; path = Level6.sks; sourceTree = "<group>"; };
		385499831E3AC822005DD671 /* Level6.swift */ = {isa = PBXFileReference; fileEncoding = 4; lastKnownFileType = sourcecode.swift; path = Level6.swift; sourceTree = "<group>"; };
		385499851E3ACAF9005DD671 /* Row4BlockMtl2Fan.sks */ = {isa = PBXFileReference; lastKnownFileType = file.sks; path = Row4BlockMtl2Fan.sks; sourceTree = "<group>"; };
		38650F531E25F6A500401ABD /* FireButtonNode.swift */ = {isa = PBXFileReference; fileEncoding = 4; lastKnownFileType = sourcecode.swift; path = FireButtonNode.swift; sourceTree = "<group>"; };
		387105EB1E35844E002D010A /* LockNode.swift */ = {isa = PBXFileReference; fileEncoding = 4; lastKnownFileType = sourcecode.swift; path = LockNode.swift; sourceTree = "<group>"; };
		387105F21E359640002D010A /* AudioUtils.swift */ = {isa = PBXFileReference; fileEncoding = 4; lastKnownFileType = sourcecode.swift; path = AudioUtils.swift; sourceTree = "<group>"; };
		387105F41E359CA4002D010A /* ReplayButtonNode.swift */ = {isa = PBXFileReference; fileEncoding = 4; lastKnownFileType = sourcecode.swift; path = ReplayButtonNode.swift; sourceTree = "<group>"; };
		388513FF1E36EF440092F058 /* SpringTool.sks */ = {isa = PBXFileReference; lastKnownFileType = file.sks; path = SpringTool.sks; sourceTree = "<group>"; };
		388514011E36EFA20092F058 /* ToolBox.sks */ = {isa = PBXFileReference; lastKnownFileType = file.sks; path = ToolBox.sks; sourceTree = "<group>"; };
		38AE07551E36199500D127D2 /* Bounce1.caf */ = {isa = PBXFileReference; lastKnownFileType = file; path = Bounce1.caf; sourceTree = "<group>"; };
		38AE07561E36199500D127D2 /* Bounce2.caf */ = {isa = PBXFileReference; lastKnownFileType = file; path = Bounce2.caf; sourceTree = "<group>"; };
		38AE07571E36199500D127D2 /* Bounce3.caf */ = {isa = PBXFileReference; lastKnownFileType = file; path = Bounce3.caf; sourceTree = "<group>"; };
		38AE07581E36199500D127D2 /* Bounce4.caf */ = {isa = PBXFileReference; lastKnownFileType = file; path = Bounce4.caf; sourceTree = "<group>"; };
		38AE07591E361DDC00D127D2 /* Lock.caf */ = {isa = PBXFileReference; lastKnownFileType = file; path = Lock.caf; sourceTree = "<group>"; };
		38B649421E3890AF00479469 /* BlockGlueNode.swift */ = {isa = PBXFileReference; fileEncoding = 4; lastKnownFileType = sourcecode.swift; path = BlockGlueNode.swift; sourceTree = "<group>"; };
		38B649441E3890F800479469 /* BlockGlu.sks */ = {isa = PBXFileReference; lastKnownFileType = file.sks; path = BlockGlu.sks; sourceTree = "<group>"; };
		38B649481E38AC3400479469 /* FanNode.swift */ = {isa = PBXFileReference; fileEncoding = 4; lastKnownFileType = sourcecode.swift; path = FanNode.swift; sourceTree = "<group>"; };
		38B6494A1E38AC9B00479469 /* FanRef.sks */ = {isa = PBXFileReference; lastKnownFileType = file.sks; path = FanRef.sks; sourceTree = "<group>"; };
		38B737B31E3959FE004B6B95 /* FanTextures.sks */ = {isa = PBXFileReference; lastKnownFileType = file.sks; path = FanTextures.sks; sourceTree = "<group>"; };
		38C44B451E39B193004B76B6 /* GravityNode.swift */ = {isa = PBXFileReference; fileEncoding = 4; lastKnownFileType = sourcecode.swift; path = GravityNode.swift; sourceTree = "<group>"; };
		38C44B471E39BA6D004B76B6 /* GravityRef.sks */ = {isa = PBXFileReference; lastKnownFileType = file.sks; path = GravityRef.sks; sourceTree = "<group>"; };
		38C44B491E39CB9C004B76B6 /* BlockGlueGravity.sks */ = {isa = PBXFileReference; lastKnownFileType = file.sks; path = BlockGlueGravity.sks; sourceTree = "<group>"; };
		38C50AEF1E36A83600B4EE2A /* GlueToolNode.swift */ = {isa = PBXFileReference; fileEncoding = 4; lastKnownFileType = sourcecode.swift; path = GlueToolNode.swift; sourceTree = "<group>"; };
		38C50AF01E36A83600B4EE2A /* BombToolNode.swift */ = {isa = PBXFileReference; fileEncoding = 4; lastKnownFileType = sourcecode.swift; path = BombToolNode.swift; sourceTree = "<group>"; };
		38C50AF11E36A83600B4EE2A /* ToolNode.swift */ = {isa = PBXFileReference; fileEncoding = 4; lastKnownFileType = sourcecode.swift; path = ToolNode.swift; sourceTree = "<group>"; };
		38C50AF81E36AA0B00B4EE2A /* SpringToolNode.swift */ = {isa = PBXFileReference; fileEncoding = 4; lastKnownFileType = sourcecode.swift; path = SpringToolNode.swift; sourceTree = "<group>"; };
		38C73B221E35B92F00B3AC6A /* ReloadButtonActions.sks */ = {isa = PBXFileReference; lastKnownFileType = file.sks; path = ReloadButtonActions.sks; sourceTree = "<group>"; };
		38CE1BFA1E3841A200B646DB /* Explosion.caf */ = {isa = PBXFileReference; lastKnownFileType = file; path = Explosion.caf; sourceTree = "<group>"; };
		38CE1C051E38597400B646DB /* BlockBnc.sks */ = {isa = PBXFileReference; lastKnownFileType = file.sks; path = BlockBnc.sks; sourceTree = "<group>"; };
		38CE1C061E38597400B646DB /* BlockMtl.sks */ = {isa = PBXFileReference; lastKnownFileType = file.sks; path = BlockMtl.sks; sourceTree = "<group>"; };
		38CE1C071E38597400B646DB /* Row4BlockBnc.sks */ = {isa = PBXFileReference; lastKnownFileType = file.sks; path = Row4BlockBnc.sks; sourceTree = "<group>"; };
		38CE1C081E38597400B646DB /* Row4BlockMtl.sks */ = {isa = PBXFileReference; lastKnownFileType = file.sks; path = Row4BlockMtl.sks; sourceTree = "<group>"; };
		38CE1C0E1E38599B00B646DB /* Background-Purple.sks */ = {isa = PBXFileReference; lastKnownFileType = file.sks; path = "Background-Purple.sks"; sourceTree = "<group>"; };
		38CE1C0F1E38599B00B646DB /* Canvas-Purple.sks */ = {isa = PBXFileReference; lastKnownFileType = file.sks; path = "Canvas-Purple.sks"; sourceTree = "<group>"; };
		38CE1C141E386B5D00B646DB /* Level1.sks */ = {isa = PBXFileReference; lastKnownFileType = file.sks; path = Level1.sks; sourceTree = "<group>"; };
		38CE1C151E386B5D00B646DB /* Level2.sks */ = {isa = PBXFileReference; lastKnownFileType = file.sks; path = Level2.sks; sourceTree = "<group>"; };
		38CE1C161E386B5D00B646DB /* Level3.sks */ = {isa = PBXFileReference; lastKnownFileType = file.sks; path = Level3.sks; sourceTree = "<group>"; };
		38CE1C171E386B5D00B646DB /* Level3.swift */ = {isa = PBXFileReference; fileEncoding = 4; lastKnownFileType = sourcecode.swift; path = Level3.swift; sourceTree = "<group>"; };
		38D0C2C01E3AC15B00E643DD /* Level5.swift */ = {isa = PBXFileReference; fileEncoding = 4; lastKnownFileType = sourcecode.swift; path = Level5.swift; sourceTree = "<group>"; };
		38D0C2C31E3AC17500E643DD /* Level5.sks */ = {isa = PBXFileReference; lastKnownFileType = file.sks; path = Level5.sks; sourceTree = "<group>"; };
		38D0E00B1E39D2DB00B9A341 /* Level4.sks */ = {isa = PBXFileReference; lastKnownFileType = file.sks; path = Level4.sks; sourceTree = "<group>"; };
		38D0E00D1E39D45000B9A341 /* Level4.swift */ = {isa = PBXFileReference; fileEncoding = 4; lastKnownFileType = sourcecode.swift; path = Level4.swift; sourceTree = "<group>"; };
		38E4B5AF1E370A0A00C798C0 /* GlueToolIcon.swift */ = {isa = PBXFileReference; fileEncoding = 4; lastKnownFileType = sourcecode.swift; path = GlueToolIcon.swift; sourceTree = "<group>"; };
		38E4B5B01E370A0A00C798C0 /* SpringToolIcon.swift */ = {isa = PBXFileReference; fileEncoding = 4; lastKnownFileType = sourcecode.swift; path = SpringToolIcon.swift; sourceTree = "<group>"; };
		38E4B5B11E370A0A00C798C0 /* BombToolIcon.swift */ = {isa = PBXFileReference; fileEncoding = 4; lastKnownFileType = sourcecode.swift; path = BombToolIcon.swift; sourceTree = "<group>"; };
		38E4B5B21E370A0A00C798C0 /* ToolIcon.swift */ = {isa = PBXFileReference; fileEncoding = 4; lastKnownFileType = sourcecode.swift; path = ToolIcon.swift; sourceTree = "<group>"; };
		38E4B5B71E370AF500C798C0 /* FanToolIcon.swift */ = {isa = PBXFileReference; fileEncoding = 4; lastKnownFileType = sourcecode.swift; path = FanToolIcon.swift; sourceTree = "<group>"; };
		38E4B5B81E370AF500C798C0 /* GravityToolIcon.swift */ = {isa = PBXFileReference; fileEncoding = 4; lastKnownFileType = sourcecode.swift; path = GravityToolIcon.swift; sourceTree = "<group>"; };
		38E4B5BB1E37106700C798C0 /* FanTool.sks */ = {isa = PBXFileReference; lastKnownFileType = file.sks; path = FanTool.sks; sourceTree = "<group>"; };
		38E4B5BC1E37106700C798C0 /* GlueTool.sks */ = {isa = PBXFileReference; lastKnownFileType = file.sks; path = GlueTool.sks; sourceTree = "<group>"; };
		38E4B5BD1E37106700C798C0 /* GravityTool.sks */ = {isa = PBXFileReference; lastKnownFileType = file.sks; path = GravityTool.sks; sourceTree = "<group>"; };
		38E4B5BE1E37106700C798C0 /* BombTool.sks */ = {isa = PBXFileReference; lastKnownFileType = file.sks; path = BombTool.sks; sourceTree = "<group>"; };
		38E4B5C31E37137C00C798C0 /* FanToolNode.swift */ = {isa = PBXFileReference; fileEncoding = 4; lastKnownFileType = sourcecode.swift; path = FanToolNode.swift; sourceTree = "<group>"; };
		38E4B5C41E37137C00C798C0 /* GravityToolNode.swift */ = {isa = PBXFileReference; fileEncoding = 4; lastKnownFileType = sourcecode.swift; path = GravityToolNode.swift; sourceTree = "<group>"; };
		38E50CEE1E39D926007437E7 /* BombFuse.sks */ = {isa = PBXFileReference; lastKnownFileType = file.sks; path = BombFuse.sks; sourceTree = "<group>"; };
		38E50CF01E39DB2F007437E7 /* BlockBrk.sks */ = {isa = PBXFileReference; lastKnownFileType = file.sks; path = BlockBrk.sks; sourceTree = "<group>"; };
		38E50CF21E39E1B5007437E7 /* BlockBreakNode.swift */ = {isa = PBXFileReference; fileEncoding = 4; lastKnownFileType = sourcecode.swift; path = BlockBreakNode.swift; sourceTree = "<group>"; };
		38E50CF41E39E2AE007437E7 /* Row4BlockBreak.sks */ = {isa = PBXFileReference; lastKnownFileType = file.sks; path = Row4BlockBreak.sks; sourceTree = "<group>"; };
		38EEC9061E3ACF1D00931A7D /* BlockGlu1Fan.sks */ = {isa = PBXFileReference; lastKnownFileType = file.sks; path = BlockGlu1Fan.sks; sourceTree = "<group>"; };
		38F7B1E81E38243300A62956 /* ControllerRef.sks */ = {isa = PBXFileReference; lastKnownFileType = file.sks; path = ControllerRef.sks; sourceTree = "<group>"; };
		38F7B1EC1E38342400A62956 /* KeyRef.sks */ = {isa = PBXFileReference; lastKnownFileType = file.sks; path = KeyRef.sks; sourceTree = "<group>"; };
		38F7B1EE1E38348600A62956 /* LockRef.sks */ = {isa = PBXFileReference; lastKnownFileType = file.sks; path = LockRef.sks; sourceTree = "<group>"; };
		38F7B1F01E3838ED00A62956 /* Inteface.sks */ = {isa = PBXFileReference; lastKnownFileType = file.sks; path = Inteface.sks; sourceTree = "<group>"; };
/* End PBXFileReference section */

/* Begin PBXFrameworksBuildPhase section */
		383CA95D1E1DD4F500F8B998 /* Frameworks */ = {
			isa = PBXFrameworksBuildPhase;
			buildActionMask = 2147483647;
			files = (
			);
			runOnlyForDeploymentPostprocessing = 0;
		};
/* End PBXFrameworksBuildPhase section */

/* Begin PBXGroup section */
		38017A2B1E35DBFA0051EEE0 /* Emitters */ = {
			isa = PBXGroup;
			children = (
				38017A2D1E35DC160051EEE0 /* Assets.xcassets */,
				38017A2C1E35DC160051EEE0 /* Smash.sks */,
				381D5C8B1E39513D0084E56E /* FanParticles.sks */,
				38E50CEE1E39D926007437E7 /* BombFuse.sks */,
				3804F12C1E39FAEB007099AD /* BombExplode.sks */,
			);
			path = Emitters;
			sourceTree = "<group>";
		};
		383CA9571E1DD4F500F8B998 = {
			isa = PBXGroup;
			children = (
				383CA9621E1DD4F500F8B998 /* Unlokit */,
				383CA9611E1DD4F500F8B998 /* Products */,
			);
			sourceTree = "<group>";
		};
		383CA9611E1DD4F500F8B998 /* Products */ = {
			isa = PBXGroup;
			children = (
				383CA9601E1DD4F500F8B998 /* Unlokit.app */,
			);
			name = Products;
			sourceTree = "<group>";
		};
		383CA9621E1DD4F500F8B998 /* Unlokit */ = {
			isa = PBXGroup;
			children = (
				38929DA31E28443A00C12C4C /* Scenes */,
				38929DA81E28503300C12C4C /* Nodes */,
				38017A2B1E35DBFA0051EEE0 /* Emitters */,
				38C73B211E35B31B00B3AC6A /* Actions */,
				387105ED1E358D75002D010A /* Sounds */,
				383CA9631E1DD4F500F8B998 /* AppDelegate.swift */,
				383CA96A1E1DD4F500F8B998 /* Assets.xcassets */,
				383CA97F1E1DD61100F8B998 /* LaunchScreen.storyboard */,
				383CA9811E1DD61100F8B998 /* Main.storyboard */,
				383CA9771E1DD5E600F8B998 /* GameViewController.swift */,
				383CA97D1E1DD5F100F8B998 /* Utils.swift */,
				387105F21E359640002D010A /* AudioUtils.swift */,
				383CA96F1E1DD4F500F8B998 /* Info.plist */,
			);
			path = Unlokit;
			sourceTree = "<group>";
		};
		38488EF61E35E4D900BCCFD6 /* Blocks */ = {
			isa = PBXGroup;
			children = (
				381D5C891E394E3C0084E56E /* BlockNode.swift */,
				38017A301E35DEE20051EEE0 /* BlockMtlNode.swift */,
				38488EF71E35E4F000BCCFD6 /* BlockBncNode.swift */,
				38B649421E3890AF00479469 /* BlockGlueNode.swift */,
				38E50CF21E39E1B5007437E7 /* BlockBreakNode.swift */,
			);
			path = Blocks;
			sourceTree = "<group>";
		};
		38488EFB1E36028400BCCFD6 /* References */ = {
			isa = PBXGroup;
			children = (
				38F7B1F01E3838ED00A62956 /* Inteface.sks */,
				383CA9781E1DD5E600F8B998 /* GunRef.sks */,
				38F7B1E81E38243300A62956 /* ControllerRef.sks */,
				38F7B1EC1E38342400A62956 /* KeyRef.sks */,
				38F7B1EE1E38348600A62956 /* LockRef.sks */,
				38B6494A1E38AC9B00479469 /* FanRef.sks */,
				38C44B471E39BA6D004B76B6 /* GravityRef.sks */,
				38CE1C0D1E38598C00B646DB /* Backgrounds */,
				38CE1C041E38597400B646DB /* Blocks */,
				388513FE1E36EF2C0092F058 /* ToolNodes */,
			);
			path = References;
			sourceTree = "<group>";
		};
		38488EFC1E3603E600BCCFD6 /* Levels */ = {
			isa = PBXGroup;
			children = (
				38CE1C141E386B5D00B646DB /* Level1.sks */,
				38CE1C151E386B5D00B646DB /* Level2.sks */,
				38CE1C161E386B5D00B646DB /* Level3.sks */,
				38CE1C171E386B5D00B646DB /* Level3.swift */,
				38D0E00B1E39D2DB00B9A341 /* Level4.sks */,
				38D0E00D1E39D45000B9A341 /* Level4.swift */,
				38D0C2C31E3AC17500E643DD /* Level5.sks */,
				38D0C2C01E3AC15B00E643DD /* Level5.swift */,
				385499811E3AC816005DD671 /* Level6.sks */,
				385499831E3AC822005DD671 /* Level6.swift */,
			);
			path = Levels;
			sourceTree = "<group>";
		};
		387105ED1E358D75002D010A /* Sounds */ = {
			isa = PBXGroup;
			children = (
				38CE1BFA1E3841A200B646DB /* Explosion.caf */,
				38AE07551E36199500D127D2 /* Bounce1.caf */,
				38AE07561E36199500D127D2 /* Bounce2.caf */,
				38AE07571E36199500D127D2 /* Bounce3.caf */,
				38AE07581E36199500D127D2 /* Bounce4.caf */,
				38AE07591E361DDC00D127D2 /* Lock.caf */,
				38017A321E35DFD00051EEE0 /* Smash.caf */,
			);
			path = Sounds;
			sourceTree = "<group>";
		};
		388513FE1E36EF2C0092F058 /* ToolNodes */ = {
			isa = PBXGroup;
			children = (
				388514011E36EFA20092F058 /* ToolBox.sks */,
				388513FF1E36EF440092F058 /* SpringTool.sks */,
				38E4B5BE1E37106700C798C0 /* BombTool.sks */,
				38E4B5BC1E37106700C798C0 /* GlueTool.sks */,
				38E4B5BB1E37106700C798C0 /* FanTool.sks */,
				38E4B5BD1E37106700C798C0 /* GravityTool.sks */,
			);
			path = ToolNodes;
			sourceTree = "<group>";
		};
		38929DA31E28443A00C12C4C /* Scenes */ = {
			isa = PBXGroup;
			children = (
				38488F1B1E3603F100BCCFD6 /* Level.swift */,
				38488F1C1E3603F100BCCFD6 /* Level+Physics.swift */,
				38488EFC1E3603E600BCCFD6 /* Levels */,
				38488EFB1E36028400BCCFD6 /* References */,
			);
			path = Scenes;
			sourceTree = "<group>";
		};
		38929DA81E28503300C12C4C /* Nodes */ = {
			isa = PBXGroup;
			children = (
				384ACEF21E347FE2004C3E93 /* KeyNode.swift */,
				385161351E348E6C0041995A /* ControllerNode.swift */,
				387105EB1E35844E002D010A /* LockNode.swift */,
				38650F531E25F6A500401ABD /* FireButtonNode.swift */,
				387105F41E359CA4002D010A /* ReplayButtonNode.swift */,
				38B649481E38AC3400479469 /* FanNode.swift */,
				38C44B451E39B193004B76B6 /* GravityNode.swift */,
				38C50AED1E36A83600B4EE2A /* Tools */,
				38488EF61E35E4D900BCCFD6 /* Blocks */,
			);
			path = Nodes;
			sourceTree = "<group>";
		};
		38C50AED1E36A83600B4EE2A /* Tools */ = {
			isa = PBXGroup;
			children = (
				38E4B5A51E37091400C798C0 /* Icons */,
				38E4B5A61E37091400C798C0 /* Nodes */,
			);
			path = Tools;
			sourceTree = "<group>";
		};
		38C73B211E35B31B00B3AC6A /* Actions */ = {
			isa = PBXGroup;
			children = (
				38C73B221E35B92F00B3AC6A /* ReloadButtonActions.sks */,
				381D5C871E394C240084E56E /* Bounce.sks */,
				38B737B31E3959FE004B6B95 /* FanTextures.sks */,
			);
			path = Actions;
			sourceTree = "<group>";
		};
		38CE1C041E38597400B646DB /* Blocks */ = {
			isa = PBXGroup;
			children = (
				38CE1C061E38597400B646DB /* BlockMtl.sks */,
				38B649441E3890F800479469 /* BlockGlu.sks */,
				38EEC9061E3ACF1D00931A7D /* BlockGlu1Fan.sks */,
				38C44B491E39CB9C004B76B6 /* BlockGlueGravity.sks */,
				38CE1C051E38597400B646DB /* BlockBnc.sks */,
				38E50CF01E39DB2F007437E7 /* BlockBrk.sks */,
				38CE1C081E38597400B646DB /* Row4BlockMtl.sks */,
				38CE1C071E38597400B646DB /* Row4BlockBnc.sks */,
				38E50CF41E39E2AE007437E7 /* Row4BlockBreak.sks */,
				385499851E3ACAF9005DD671 /* Row4BlockMtl2Fan.sks */,
			);
			path = Blocks;
			sourceTree = "<group>";
		};
		38CE1C0D1E38598C00B646DB /* Backgrounds */ = {
			isa = PBXGroup;
			children = (
				38CE1C0E1E38599B00B646DB /* Background-Purple.sks */,
				38CE1C0F1E38599B00B646DB /* Canvas-Purple.sks */,
			);
			path = Backgrounds;
			sourceTree = "<group>";
		};
		38E4B5A51E37091400C798C0 /* Icons */ = {
			isa = PBXGroup;
			children = (
				38E4B5B21E370A0A00C798C0 /* ToolIcon.swift */,
				38E4B5B01E370A0A00C798C0 /* SpringToolIcon.swift */,
				38E4B5B11E370A0A00C798C0 /* BombToolIcon.swift */,
				38E4B5AF1E370A0A00C798C0 /* GlueToolIcon.swift */,
				38E4B5B71E370AF500C798C0 /* FanToolIcon.swift */,
				38E4B5B81E370AF500C798C0 /* GravityToolIcon.swift */,
			);
			path = Icons;
			sourceTree = "<group>";
		};
		38E4B5A61E37091400C798C0 /* Nodes */ = {
			isa = PBXGroup;
			children = (
				38C50AF11E36A83600B4EE2A /* ToolNode.swift */,
				38C50AF81E36AA0B00B4EE2A /* SpringToolNode.swift */,
				38C50AF01E36A83600B4EE2A /* BombToolNode.swift */,
				38C50AEF1E36A83600B4EE2A /* GlueToolNode.swift */,
				38E4B5C31E37137C00C798C0 /* FanToolNode.swift */,
				38E4B5C41E37137C00C798C0 /* GravityToolNode.swift */,
			);
			path = Nodes;
			sourceTree = "<group>";
		};
/* End PBXGroup section */

/* Begin PBXNativeTarget section */
		383CA95F1E1DD4F500F8B998 /* Unlokit */ = {
			isa = PBXNativeTarget;
			buildConfigurationList = 383CA9721E1DD4F500F8B998 /* Build configuration list for PBXNativeTarget "Unlokit" */;
			buildPhases = (
				383CA95C1E1DD4F500F8B998 /* Sources */,
				383CA95D1E1DD4F500F8B998 /* Frameworks */,
				383CA95E1E1DD4F500F8B998 /* Resources */,
			);
			buildRules = (
			);
			dependencies = (
			);
			name = Unlokit;
			productName = Unlokit;
			productReference = 383CA9601E1DD4F500F8B998 /* Unlokit.app */;
			productType = "com.apple.product-type.application";
		};
/* End PBXNativeTarget section */

/* Begin PBXProject section */
		383CA9581E1DD4F500F8B998 /* Project object */ = {
			isa = PBXProject;
			attributes = {
				LastSwiftUpdateCheck = 0820;
				LastUpgradeCheck = 0820;
				ORGANIZATIONNAME = blendersleuthdev;
				TargetAttributes = {
					383CA95F1E1DD4F500F8B998 = {
						CreatedOnToolsVersion = 8.2.1;
						DevelopmentTeam = 23CKX9X8J9;
						ProvisioningStyle = Automatic;
					};
				};
			};
			buildConfigurationList = 383CA95B1E1DD4F500F8B998 /* Build configuration list for PBXProject "Unlokit" */;
			compatibilityVersion = "Xcode 3.2";
			developmentRegion = English;
			hasScannedForEncodings = 0;
			knownRegions = (
				en,
				Base,
			);
			mainGroup = 383CA9571E1DD4F500F8B998;
			productRefGroup = 383CA9611E1DD4F500F8B998 /* Products */;
			projectDirPath = "";
			projectRoot = "";
			targets = (
				383CA95F1E1DD4F500F8B998 /* Unlokit */,
			);
		};
/* End PBXProject section */

/* Begin PBXResourcesBuildPhase section */
		383CA95E1E1DD4F500F8B998 /* Resources */ = {
			isa = PBXResourcesBuildPhase;
			buildActionMask = 2147483647;
			files = (
				38E4B5C11E37106700C798C0 /* GravityTool.sks in Resources */,
				385499821E3AC816005DD671 /* Level6.sks in Resources */,
				38F7B1E91E38243300A62956 /* ControllerRef.sks in Resources */,
				38CE1C181E386B5D00B646DB /* Level1.sks in Resources */,
				381D5C8C1E39513D0084E56E /* FanParticles.sks in Resources */,
				38CE1BFB1E3841A200B646DB /* Explosion.caf in Resources */,
				38D0E00C1E39D2DB00B9A341 /* Level4.sks in Resources */,
				38E4B5C01E37106700C798C0 /* GlueTool.sks in Resources */,
				381D5C881E394C240084E56E /* Bounce.sks in Resources */,
				38B737B41E3959FE004B6B95 /* FanTextures.sks in Resources */,
				38CE1C0B1E38597400B646DB /* Row4BlockBnc.sks in Resources */,
				383CA97C1E1DD5E600F8B998 /* GunRef.sks in Resources */,
				38F7B1F11E3838ED00A62956 /* Inteface.sks in Resources */,
				38AE075A1E36221400D127D2 /* Lock.caf in Resources */,
				385499861E3ACAF9005DD671 /* Row4BlockMtl2Fan.sks in Resources */,
				38B6494B1E38AC9B00479469 /* FanRef.sks in Resources */,
				383CA9841E1DD61100F8B998 /* Main.storyboard in Resources */,
				38B649451E3890F800479469 /* BlockGlu.sks in Resources */,
				38D0C2C41E3AC17500E643DD /* Level5.sks in Resources */,
				38E50CEF1E39D926007437E7 /* BombFuse.sks in Resources */,
				38F7B1EF1E38348600A62956 /* LockRef.sks in Resources */,
				38C44B481E39BA6D004B76B6 /* GravityRef.sks in Resources */,
				38017A2F1E35DC160051EEE0 /* Assets.xcassets in Resources */,
				38E4B5C21E37106700C798C0 /* BombTool.sks in Resources */,
				38017A2E1E35DC160051EEE0 /* Smash.sks in Resources */,
				388514021E36EFA20092F058 /* ToolBox.sks in Resources */,
				38CE1C111E38599B00B646DB /* Canvas-Purple.sks in Resources */,
				38C73B231E35B92F00B3AC6A /* ReloadButtonActions.sks in Resources */,
				38CE1C0A1E38597400B646DB /* BlockMtl.sks in Resources */,
				38E4B5BF1E37106700C798C0 /* FanTool.sks in Resources */,
				38CE1C191E386B5D00B646DB /* Level2.sks in Resources */,
				38017A331E35E01B0051EEE0 /* Smash.caf in Resources */,
				3804F12D1E39FAEB007099AD /* BombExplode.sks in Resources */,
				38EEC9071E3ACF1D00931A7D /* BlockGlu1Fan.sks in Resources */,
				38CE1C1A1E386B5D00B646DB /* Level3.sks in Resources */,
				383CA9831E1DD61100F8B998 /* LaunchScreen.storyboard in Resources */,
				38E50CF11E39DB2F007437E7 /* BlockBrk.sks in Resources */,
				38C44B4A1E39CB9C004B76B6 /* BlockGlueGravity.sks in Resources */,
				388514001E36EF440092F058 /* SpringTool.sks in Resources */,
				38CE1C091E38597400B646DB /* BlockBnc.sks in Resources */,
				38CE1C101E38599B00B646DB /* Background-Purple.sks in Resources */,
				38E50CF51E39E2AE007437E7 /* Row4BlockBreak.sks in Resources */,
				383CA96B1E1DD4F500F8B998 /* Assets.xcassets in Resources */,
				38CE1C0C1E38597400B646DB /* Row4BlockMtl.sks in Resources */,
				38F7B1ED1E38342400A62956 /* KeyRef.sks in Resources */,
			);
			runOnlyForDeploymentPostprocessing = 0;
		};
/* End PBXResourcesBuildPhase section */

/* Begin PBXSourcesBuildPhase section */
		383CA95C1E1DD4F500F8B998 /* Sources */ = {
			isa = PBXSourcesBuildPhase;
			buildActionMask = 2147483647;
			files = (
				38CE1C1B1E386B5D00B646DB /* Level3.swift in Sources */,
				38E4B5B91E370AF500C798C0 /* FanToolIcon.swift in Sources */,
				38E4B5B51E370A0A00C798C0 /* BombToolIcon.swift in Sources */,
				38B649491E38AC3400479469 /* FanNode.swift in Sources */,
				38E4B5C61E37137C00C798C0 /* GravityToolNode.swift in Sources */,
				38E50CF31E39E1B5007437E7 /* BlockBreakNode.swift in Sources */,
				38650F541E25F6A500401ABD /* FireButtonNode.swift in Sources */,
				38C44B461E39B193004B76B6 /* GravityNode.swift in Sources */,
				383CA97B1E1DD5E600F8B998 /* GameViewController.swift in Sources */,
				38017A311E35DEE20051EEE0 /* BlockMtlNode.swift in Sources */,
				38D0E00E1E39D45000B9A341 /* Level4.swift in Sources */,
				38E4B5B61E370A0A00C798C0 /* ToolIcon.swift in Sources */,
				38D0C2C21E3AC15B00E643DD /* Level5.swift in Sources */,
				385499841E3AC822005DD671 /* Level6.swift in Sources */,
				387105EC1E35844E002D010A /* LockNode.swift in Sources */,
				38E4B5BA1E370AF500C798C0 /* GravityToolIcon.swift in Sources */,
				383CA9641E1DD4F500F8B998 /* AppDelegate.swift in Sources */,
				38E4B5B31E370A0A00C798C0 /* GlueToolIcon.swift in Sources */,
				38C50AF61E36A83600B4EE2A /* ToolNode.swift in Sources */,
				38488F1D1E3603F100BCCFD6 /* Level.swift in Sources */,
				38C50AF51E36A83600B4EE2A /* BombToolNode.swift in Sources */,
				387105F51E359CA4002D010A /* ReplayButtonNode.swift in Sources */,
				385161361E348E6C0041995A /* ControllerNode.swift in Sources */,
				38488F1E1E3603F100BCCFD6 /* Level+Physics.swift in Sources */,
				38C50AF91E36AA0B00B4EE2A /* SpringToolNode.swift in Sources */,
				38488EF81E35E4F000BCCFD6 /* BlockBncNode.swift in Sources */,
				384ACEF31E347FE2004C3E93 /* KeyNode.swift in Sources */,
				387105F31E359640002D010A /* AudioUtils.swift in Sources */,
				381D5C8A1E394E3C0084E56E /* BlockNode.swift in Sources */,
				38C50AF41E36A83600B4EE2A /* GlueToolNode.swift in Sources */,
				38E4B5B41E370A0A00C798C0 /* SpringToolIcon.swift in Sources */,
				38E4B5C51E37137C00C798C0 /* FanToolNode.swift in Sources */,
				383CA97E1E1DD5F100F8B998 /* Utils.swift in Sources */,
				38B649431E3890AF00479469 /* BlockGlueNode.swift in Sources */,
			);
			runOnlyForDeploymentPostprocessing = 0;
		};
/* End PBXSourcesBuildPhase section */

/* Begin PBXVariantGroup section */
		383CA97F1E1DD61100F8B998 /* LaunchScreen.storyboard */ = {
			isa = PBXVariantGroup;
			children = (
				383CA9801E1DD61100F8B998 /* Base */,
			);
			name = LaunchScreen.storyboard;
			sourceTree = "<group>";
		};
		383CA9811E1DD61100F8B998 /* Main.storyboard */ = {
			isa = PBXVariantGroup;
			children = (
				383CA9821E1DD61100F8B998 /* Base */,
			);
			name = Main.storyboard;
			sourceTree = "<group>";
		};
/* End PBXVariantGroup section */

/* Begin XCBuildConfiguration section */
		383CA9701E1DD4F500F8B998 /* Debug */ = {
			isa = XCBuildConfiguration;
			buildSettings = {
				ALWAYS_SEARCH_USER_PATHS = NO;
				CLANG_ANALYZER_NONNULL = YES;
				CLANG_CXX_LANGUAGE_STANDARD = "gnu++0x";
				CLANG_CXX_LIBRARY = "libc++";
				CLANG_ENABLE_MODULES = YES;
				CLANG_ENABLE_OBJC_ARC = YES;
				CLANG_WARN_BOOL_CONVERSION = YES;
				CLANG_WARN_CONSTANT_CONVERSION = YES;
				CLANG_WARN_DIRECT_OBJC_ISA_USAGE = YES_ERROR;
				CLANG_WARN_DOCUMENTATION_COMMENTS = YES;
				CLANG_WARN_EMPTY_BODY = YES;
				CLANG_WARN_ENUM_CONVERSION = YES;
				CLANG_WARN_INFINITE_RECURSION = YES;
				CLANG_WARN_INT_CONVERSION = YES;
				CLANG_WARN_OBJC_ROOT_CLASS = YES_ERROR;
				CLANG_WARN_SUSPICIOUS_MOVE = YES;
				CLANG_WARN_UNREACHABLE_CODE = YES;
				CLANG_WARN__DUPLICATE_METHOD_MATCH = YES;
				"CODE_SIGN_IDENTITY[sdk=iphoneos*]" = "iPhone Developer";
				COPY_PHASE_STRIP = NO;
				DEBUG_INFORMATION_FORMAT = dwarf;
				ENABLE_STRICT_OBJC_MSGSEND = YES;
				ENABLE_TESTABILITY = YES;
				GCC_C_LANGUAGE_STANDARD = gnu99;
				GCC_DYNAMIC_NO_PIC = NO;
				GCC_NO_COMMON_BLOCKS = YES;
				GCC_OPTIMIZATION_LEVEL = 0;
				GCC_PREPROCESSOR_DEFINITIONS = (
					"DEBUG=1",
					"$(inherited)",
				);
				GCC_WARN_64_TO_32_BIT_CONVERSION = YES;
				GCC_WARN_ABOUT_RETURN_TYPE = YES_ERROR;
				GCC_WARN_UNDECLARED_SELECTOR = YES;
				GCC_WARN_UNINITIALIZED_AUTOS = YES_AGGRESSIVE;
				GCC_WARN_UNUSED_FUNCTION = YES;
				GCC_WARN_UNUSED_VARIABLE = YES;
				IPHONEOS_DEPLOYMENT_TARGET = 9.0;
				MTL_ENABLE_DEBUG_INFO = YES;
				ONLY_ACTIVE_ARCH = YES;
				SDKROOT = iphoneos;
				SWIFT_ACTIVE_COMPILATION_CONDITIONS = DEBUG;
				SWIFT_OPTIMIZATION_LEVEL = "-Onone";
				TARGETED_DEVICE_FAMILY = "1,2";
			};
			name = Debug;
		};
		383CA9711E1DD4F500F8B998 /* Release */ = {
			isa = XCBuildConfiguration;
			buildSettings = {
				ALWAYS_SEARCH_USER_PATHS = NO;
				CLANG_ANALYZER_NONNULL = YES;
				CLANG_CXX_LANGUAGE_STANDARD = "gnu++0x";
				CLANG_CXX_LIBRARY = "libc++";
				CLANG_ENABLE_MODULES = YES;
				CLANG_ENABLE_OBJC_ARC = YES;
				CLANG_WARN_BOOL_CONVERSION = YES;
				CLANG_WARN_CONSTANT_CONVERSION = YES;
				CLANG_WARN_DIRECT_OBJC_ISA_USAGE = YES_ERROR;
				CLANG_WARN_DOCUMENTATION_COMMENTS = YES;
				CLANG_WARN_EMPTY_BODY = YES;
				CLANG_WARN_ENUM_CONVERSION = YES;
				CLANG_WARN_INFINITE_RECURSION = YES;
				CLANG_WARN_INT_CONVERSION = YES;
				CLANG_WARN_OBJC_ROOT_CLASS = YES_ERROR;
				CLANG_WARN_SUSPICIOUS_MOVE = YES;
				CLANG_WARN_UNREACHABLE_CODE = YES;
				CLANG_WARN__DUPLICATE_METHOD_MATCH = YES;
				"CODE_SIGN_IDENTITY[sdk=iphoneos*]" = "iPhone Developer";
				COPY_PHASE_STRIP = NO;
				DEBUG_INFORMATION_FORMAT = "dwarf-with-dsym";
				ENABLE_NS_ASSERTIONS = NO;
				ENABLE_STRICT_OBJC_MSGSEND = YES;
				GCC_C_LANGUAGE_STANDARD = gnu99;
				GCC_NO_COMMON_BLOCKS = YES;
				GCC_WARN_64_TO_32_BIT_CONVERSION = YES;
				GCC_WARN_ABOUT_RETURN_TYPE = YES_ERROR;
				GCC_WARN_UNDECLARED_SELECTOR = YES;
				GCC_WARN_UNINITIALIZED_AUTOS = YES_AGGRESSIVE;
				GCC_WARN_UNUSED_FUNCTION = YES;
				GCC_WARN_UNUSED_VARIABLE = YES;
				IPHONEOS_DEPLOYMENT_TARGET = 9.0;
				MTL_ENABLE_DEBUG_INFO = NO;
				SDKROOT = iphoneos;
				SWIFT_OPTIMIZATION_LEVEL = "-Owholemodule";
				TARGETED_DEVICE_FAMILY = "1,2";
				VALIDATE_PRODUCT = YES;
			};
			name = Release;
		};
		383CA9731E1DD4F500F8B998 /* Debug */ = {
			isa = XCBuildConfiguration;
			buildSettings = {
				ALWAYS_EMBED_SWIFT_STANDARD_LIBRARIES = NO;
				ASSETCATALOG_COMPILER_APPICON_NAME = AppIcon;
				DEVELOPMENT_TEAM = 23CKX9X8J9;
				INFOPLIST_FILE = Unlokit/Info.plist;
				IPHONEOS_DEPLOYMENT_TARGET = 9.0;
				LD_RUNPATH_SEARCH_PATHS = "$(inherited) @executable_path/Frameworks";
				PRODUCT_BUNDLE_IDENTIFIER = com.blendersleuth.Unlokit;
				PRODUCT_NAME = "$(TARGET_NAME)";
				SWIFT_VERSION = 3.0;
			};
			name = Debug;
		};
		383CA9741E1DD4F500F8B998 /* Release */ = {
			isa = XCBuildConfiguration;
			buildSettings = {
				ALWAYS_EMBED_SWIFT_STANDARD_LIBRARIES = NO;
				ASSETCATALOG_COMPILER_APPICON_NAME = AppIcon;
				DEVELOPMENT_TEAM = 23CKX9X8J9;
				INFOPLIST_FILE = Unlokit/Info.plist;
				IPHONEOS_DEPLOYMENT_TARGET = 9.0;
				LD_RUNPATH_SEARCH_PATHS = "$(inherited) @executable_path/Frameworks";
				PRODUCT_BUNDLE_IDENTIFIER = com.blendersleuth.Unlokit;
				PRODUCT_NAME = "$(TARGET_NAME)";
				SWIFT_VERSION = 3.0;
			};
			name = Release;
		};
/* End XCBuildConfiguration section */

/* Begin XCConfigurationList section */
		383CA95B1E1DD4F500F8B998 /* Build configuration list for PBXProject "Unlokit" */ = {
			isa = XCConfigurationList;
			buildConfigurations = (
				383CA9701E1DD4F500F8B998 /* Debug */,
				383CA9711E1DD4F500F8B998 /* Release */,
			);
			defaultConfigurationIsVisible = 0;
			defaultConfigurationName = Release;
		};
		383CA9721E1DD4F500F8B998 /* Build configuration list for PBXNativeTarget "Unlokit" */ = {
			isa = XCConfigurationList;
			buildConfigurations = (
				383CA9731E1DD4F500F8B998 /* Debug */,
				383CA9741E1DD4F500F8B998 /* Release */,
			);
			defaultConfigurationIsVisible = 0;
			defaultConfigurationName = Release;
		};
/* End XCConfigurationList section */
	};
	rootObject = 383CA9581E1DD4F500F8B998 /* Project object */;
}
